
Microsoft Visual Studio Solution File, Format Version 12.00
# Visual Studio Version 17
VisualStudioVersion = 17.0.31919.166
MinimumVisualStudioVersion = 10.0.40219.1
Project("{FAE04EC0-301F-11D3-BF4B-00C04F79EFBC}") = "Labb_TDD_Bowling_ALT", "Labb_TDD_Bowling_ALT\Labb_TDD_Bowling_ALT.csproj", "{F896DBD4-D0AC-41B9-A9F5-2BBCD437237C}"
EndProject
Project("{FAE04EC0-301F-11D3-BF4B-00C04F79EFBC}") = "BowlingTest", "BowlingTest\BowlingTest.csproj", "{56B4A9BC-2F2A-4B02-80E6-A0341B41C60E}"
EndProject
Global
	GlobalSection(SolutionConfigurationPlatforms) = preSolution
		Debug|Any CPU = Debug|Any CPU
		Release|Any CPU = Release|Any CPU
	EndGlobalSection
	GlobalSection(ProjectConfigurationPlatforms) = postSolution
		{F896DBD4-D0AC-41B9-A9F5-2BBCD437237C}.Debug|Any CPU.ActiveCfg = Debug|Any CPU
		{F896DBD4-D0AC-41B9-A9F5-2BBCD437237C}.Debug|Any CPU.Build.0 = Debug|Any CPU
		{F896DBD4-D0AC-41B9-A9F5-2BBCD437237C}.Release|Any CPU.ActiveCfg = Release|Any CPU
		{F896DBD4-D0AC-41B9-A9F5-2BBCD437237C}.Release|Any CPU.Build.0 = Release|Any CPU
		{56B4A9BC-2F2A-4B02-80E6-A0341B41C60E}.Debug|Any CPU.ActiveCfg = Debug|Any CPU
		{56B4A9BC-2F2A-4B02-80E6-A0341B41C60E}.Debug|Any CPU.Build.0 = Debug|Any CPU
		{56B4A9BC-2F2A-4B02-80E6-A0341B41C60E}.Release|Any CPU.ActiveCfg = Release|Any CPU
		{56B4A9BC-2F2A-4B02-80E6-A0341B41C60E}.Release|Any CPU.Build.0 = Release|Any CPU
	EndGlobalSection
	GlobalSection(SolutionProperties) = preSolution
		HideSolutionNode = FALSE
	EndGlobalSection
	GlobalSection(ExtensibilityGlobals) = postSolution
		SolutionGuid = {DFFA4D1B-5EF3-409B-B510-32317AA7B7F0}
	EndGlobalSection
EndGlobal
